
Microsoft Visual Studio Solution File, Format Version 12.00
# Visual Studio Version 16
VisualStudioVersion = 16.0.30907.101
MinimumVisualStudioVersion = 10.0.40219.1
Project("{FAE04EC0-301F-11D3-BF4B-00C04F79EFBC}") = "Soft.CalculoJuros.Dominio", "Soft.CalculoJuros.Dominio\Soft.CalculoJuros.Dominio.csproj", "{CF620F2C-F426-45DA-A3E7-7DAE1F0F5116}"
EndProject
Project("{FAE04EC0-301F-11D3-BF4B-00C04F79EFBC}") = "Soft.CalculoJuros.Tests", "Soft.CalculoJuros.Tests\Soft.CalculoJuros.Tests.csproj", "{C8F50330-A4D0-4F6E-B7C8-4A5DF3BAC7BA}"
EndProject
Global
	GlobalSection(SolutionConfigurationPlatforms) = preSolution
		Debug|Any CPU = Debug|Any CPU
		Release|Any CPU = Release|Any CPU
	EndGlobalSection
	GlobalSection(ProjectConfigurationPlatforms) = postSolution
		{CF620F2C-F426-45DA-A3E7-7DAE1F0F5116}.Debug|Any CPU.ActiveCfg = Debug|Any CPU
		{CF620F2C-F426-45DA-A3E7-7DAE1F0F5116}.Debug|Any CPU.Build.0 = Debug|Any CPU
		{CF620F2C-F426-45DA-A3E7-7DAE1F0F5116}.Release|Any CPU.ActiveCfg = Release|Any CPU
		{CF620F2C-F426-45DA-A3E7-7DAE1F0F5116}.Release|Any CPU.Build.0 = Release|Any CPU
		{C8F50330-A4D0-4F6E-B7C8-4A5DF3BAC7BA}.Debug|Any CPU.ActiveCfg = Debug|Any CPU
		{C8F50330-A4D0-4F6E-B7C8-4A5DF3BAC7BA}.Debug|Any CPU.Build.0 = Debug|Any CPU
		{C8F50330-A4D0-4F6E-B7C8-4A5DF3BAC7BA}.Release|Any CPU.ActiveCfg = Release|Any CPU
		{C8F50330-A4D0-4F6E-B7C8-4A5DF3BAC7BA}.Release|Any CPU.Build.0 = Release|Any CPU
	EndGlobalSection
	GlobalSection(SolutionProperties) = preSolution
		HideSolutionNode = FALSE
	EndGlobalSection
	GlobalSection(ExtensibilityGlobals) = postSolution
		SolutionGuid = {C06FF4EE-6C9B-4C41-8AEB-ECDD4A79C0B4}
	EndGlobalSection
EndGlobal
